<?xml version="1.0" encoding="utf-8"?>
<Project ToolsVersion="4.0" xmlns="http://schemas.microsoft.com/developer/msbuild/2003">
  <ItemGroup>
    <Filter Include="Source Files">
      <UniqueIdentifier>{4FC737F1-C7A5-4376-A066-2A32D752A2FF}</UniqueIdentifier>
      <Extensions>cpp;c;cc;cxx;def;odl;idl;hpj;bat;asm;asmx</Extensions>
    </Filter>
    <Filter Include="Header Files">
      <UniqueIdentifier>{93995380-89BD-4b04-88EB-625FBE52EBFB}</UniqueIdentifier>
      <Extensions>h;hh;hpp;hxx;hm;inl;inc;xsd</Extensions>
    </Filter>
    <Filter Include="Resource Files">
      <UniqueIdentifier>{67DA6AB6-F800-4c08-8B7A-83BB121AAD01}</UniqueIdentifier>
      <Extensions>rc;ico;cur;bmp;dlg;rc2;rct;bin;rgs;gif;jpg;jpeg;jpe;resx;tiff;tif;png;wav;mfcribbon-ms</Extensions>
    </Filter>
    <Filter Include="Header Files\depthLoader">
      <UniqueIdentifier>{d4d5a34d-e54c-4756-9ead-0840625fb4e8}</UniqueIdentifier>
    </Filter>
    <Filter Include="Header Files\entities">
      <UniqueIdentifier>{f77dde6a-72ce-4700-b733-c28f7182dfd8}</UniqueIdentifier>
    </Filter>
    <Filter Include="Header Files\neurals">
      <UniqueIdentifier>{a66353b4-cb78-41de-93d0-40a9acc265ff}</UniqueIdentifier>
    </Filter>
    <Filter Include="Header Files\recognizer">
      <UniqueIdentifier>{2377de6b-d4c2-4d7d-875f-2d7dfc7eeac8}</UniqueIdentifier>
    </Filter>
    <Filter Include="Header Files\managers">
      <UniqueIdentifier>{9568ca49-4f24-40f1-a805-5cdd4e7edd85}</UniqueIdentifier>
    </Filter>
    <Filter Include="Source Files\managers">
      <UniqueIdentifier>{a19e6df8-8f69-4fb2-946c-0898a70d9de8}</UniqueIdentifier>
    </Filter>
    <Filter Include="Source Files\entities">
      <UniqueIdentifier>{bb38f1ce-f6eb-4fbf-b7bc-8bef420b421c}</UniqueIdentifier>
    </Filter>
    <Filter Include="Source Files\neurals">
      <UniqueIdentifier>{2044c298-bf90-4b4a-9e13-ac4b5e234f65}</UniqueIdentifier>
    </Filter>
  </ItemGroup>
  <ItemGroup>
    <Text Include="ReadMe.txt" />
  </ItemGroup>
  <ItemGroup>
    <ClInclude Include="stdafx.h">
      <Filter>Header Files</Filter>
    </ClInclude>
    <ClInclude Include="targetver.h">
      <Filter>Header Files</Filter>
    </ClInclude>
    <ClInclude Include="DepthMapSkt.h">
      <Filter>Header Files\depthLoader</Filter>
    </ClInclude>
    <ClInclude Include="DepthMapSktBinFileIO.h">
      <Filter>Header Files\depthLoader</Filter>
    </ClInclude>
    <ClInclude Include="Skeleton.h">
      <Filter>Header Files\entities</Filter>
    </ClInclude>
    <ClInclude Include="Joint.h">
      <Filter>Header Files\entities</Filter>
    </ClInclude>
    <ClInclude Include="BodyPart.h">
      <Filter>Header Files\entities</Filter>
    </ClInclude>
    <ClInclude Include="CvHMM.h">
      <Filter>Header Files\neurals</Filter>
    </ClInclude>
    <ClInclude Include="DTWanalyzer.h">
      <Filter>Header Files\recognizer</Filter>
    </ClInclude>
    <ClInclude Include="CFRepresentation.h">
      <Filter>Header Files\recognizer</Filter>
    </ClInclude>
    <ClInclude Include="CVNeural.h">
      <Filter>Header Files\neurals</Filter>
    </ClInclude>
    <ClInclude Include="DataLoader.h">
      <Filter>Header Files\managers</Filter>
    </ClInclude>
    <ClInclude Include="Action.h">
      <Filter>Header Files\entities</Filter>
    </ClInclude>
    <ClInclude Include="NeuralResult.h">
      <Filter>Header Files\entities</Filter>
    </ClInclude>
    <ClInclude Include="VideoManager.h">
      <Filter>Header Files\managers</Filter>
    </ClInclude>
    <ClInclude Include="TrackbarData.h">
      <Filter>Header Files\entities</Filter>
    </ClInclude>
  </ItemGroup>
  <ItemGroup>
    <ClCompile Include="stdafx.cpp">
      <Filter>Source Files</Filter>
    </ClCompile>
    <ClCompile Include="main.cpp">
      <Filter>Source Files</Filter>
    </ClCompile>
    <ClCompile Include="DataLoader.cpp">
      <Filter>Source Files\managers</Filter>
    </ClCompile>
    <ClCompile Include="BodyPart.cpp">
      <Filter>Source Files\entities</Filter>
    </ClCompile>
    <ClCompile Include="Joint.cpp">
      <Filter>Source Files\entities</Filter>
    </ClCompile>
    <ClCompile Include="Skeleton.cpp">
      <Filter>Source Files\entities</Filter>
    </ClCompile>
    <ClCompile Include="CVNeural.cpp">
      <Filter>Source Files\neurals</Filter>
    </ClCompile>
    <ClCompile Include="VideoManager.cpp">
      <Filter>Source Files\managers</Filter>
    </ClCompile>
  </ItemGroup>
</Project>